
Microsoft Visual Studio Solution File, Format Version 12.00
# Visual Studio Version 17
VisualStudioVersion = 17.1.31911.260
MinimumVisualStudioVersion = 10.0.40219.1
Project("{FAE04EC0-301F-11D3-BF4B-00C04F79EFBC}") = "RobloxLatestClientDownloader", "RobloxLatestClientDownloader\RobloxLatestClientDownloader.csproj", "{9D218C22-7FDD-41D2-A83A-4DB4F0759CAE}"
EndProject
Global
	GlobalSection(SolutionConfigurationPlatforms) = preSolution
		Debug|Any CPU = Debug|Any CPU
		Release|Any CPU = Release|Any CPU
	EndGlobalSection
	GlobalSection(ProjectConfigurationPlatforms) = postSolution
		{9D218C22-7FDD-41D2-A83A-4DB4F0759CAE}.Debug|Any CPU.ActiveCfg = Debug|Any CPU
		{9D218C22-7FDD-41D2-A83A-4DB4F0759CAE}.Debug|Any CPU.Build.0 = Debug|Any CPU
		{9D218C22-7FDD-41D2-A83A-4DB4F0759CAE}.Release|Any CPU.ActiveCfg = Release|Any CPU
		{9D218C22-7FDD-41D2-A83A-4DB4F0759CAE}.Release|Any CPU.Build.0 = Release|Any CPU
	EndGlobalSection
	GlobalSection(SolutionProperties) = preSolution
		HideSolutionNode = FALSE
	EndGlobalSection
	GlobalSection(ExtensibilityGlobals) = postSolution
		SolutionGuid = {4B37B31A-5DD8-4010-9E30-47BBF839D20F}
	EndGlobalSection
EndGlobal
